
Microsoft Visual Studio Solution File, Format Version 12.00
# Visual Studio Version 16
VisualStudioVersion = 16.0.30907.101
MinimumVisualStudioVersion = 10.0.40219.1
Project("{FAE04EC0-301F-11D3-BF4B-00C04F79EFBC}") = "53-)BonusProje1", "53-)BonusProje1\53-)BonusProje1.csproj", "{C32C2546-7ADD-4134-91C9-AAEF823D846A}"
EndProject
Global
	GlobalSection(SolutionConfigurationPlatforms) = preSolution
		Debug|Any CPU = Debug|Any CPU
		Release|Any CPU = Release|Any CPU
	EndGlobalSection
	GlobalSection(ProjectConfigurationPlatforms) = postSolution
		{C32C2546-7ADD-4134-91C9-AAEF823D846A}.Debug|Any CPU.ActiveCfg = Debug|Any CPU
		{C32C2546-7ADD-4134-91C9-AAEF823D846A}.Debug|Any CPU.Build.0 = Debug|Any CPU
		{C32C2546-7ADD-4134-91C9-AAEF823D846A}.Release|Any CPU.ActiveCfg = Release|Any CPU
		{C32C2546-7ADD-4134-91C9-AAEF823D846A}.Release|Any CPU.Build.0 = Release|Any CPU
	EndGlobalSection
	GlobalSection(SolutionProperties) = preSolution
		HideSolutionNode = FALSE
	EndGlobalSection
	GlobalSection(ExtensibilityGlobals) = postSolution
		SolutionGuid = {9D3DDF07-6ED2-45A1-BECA-58EADCC3B823}
	EndGlobalSection
EndGlobal
